
Microsoft Visual Studio Solution File, Format Version 12.00
# Visual Studio Version 17
VisualStudioVersion = 17.0.31903.59
MinimumVisualStudioVersion = 10.0.40219.1
Project("{FAE04EC0-301F-11D3-BF4B-00C04F79EFBC}") = "SgpSimulator.Core", "SgpSimulator.Core\SgpSimulator.Core.csproj", "{542013CC-B984-4693-A4D9-A8CE4C4BC992}"
EndProject
Project("{FAE04EC0-301F-11D3-BF4B-00C04F79EFBC}") = "SgpSimulator.Worker", "SgpSimulator.Worker\SgpSimulator.Worker.csproj", "{DF808946-4BB4-4B92-AD43-C17544D6458F}"
EndProject
Project("{FAE04EC0-301F-11D3-BF4B-00C04F79EFBC}") = "SgpSimulator.Configurator", "SgpSimulator.Configurator\SgpSimulator.Configurator.csproj", "{CC27D925-2045-4333-8A24-0524E766F4B6}"
EndProject
Global
	GlobalSection(SolutionConfigurationPlatforms) = preSolution
		Debug|Any CPU = Debug|Any CPU
		Release|Any CPU = Release|Any CPU
	EndGlobalSection
	GlobalSection(SolutionProperties) = preSolution
		HideSolutionNode = FALSE
	EndGlobalSection
	GlobalSection(ProjectConfigurationPlatforms) = postSolution
		{542013CC-B984-4693-A4D9-A8CE4C4BC992}.Debug|Any CPU.ActiveCfg = Debug|Any CPU
		{542013CC-B984-4693-A4D9-A8CE4C4BC992}.Debug|Any CPU.Build.0 = Debug|Any CPU
		{542013CC-B984-4693-A4D9-A8CE4C4BC992}.Release|Any CPU.ActiveCfg = Release|Any CPU
		{542013CC-B984-4693-A4D9-A8CE4C4BC992}.Release|Any CPU.Build.0 = Release|Any CPU
		{DF808946-4BB4-4B92-AD43-C17544D6458F}.Debug|Any CPU.ActiveCfg = Debug|Any CPU
		{DF808946-4BB4-4B92-AD43-C17544D6458F}.Debug|Any CPU.Build.0 = Debug|Any CPU
		{DF808946-4BB4-4B92-AD43-C17544D6458F}.Release|Any CPU.ActiveCfg = Release|Any CPU
		{DF808946-4BB4-4B92-AD43-C17544D6458F}.Release|Any CPU.Build.0 = Release|Any CPU
		{CC27D925-2045-4333-8A24-0524E766F4B6}.Debug|Any CPU.ActiveCfg = Debug|Any CPU
		{CC27D925-2045-4333-8A24-0524E766F4B6}.Debug|Any CPU.Build.0 = Debug|Any CPU
		{CC27D925-2045-4333-8A24-0524E766F4B6}.Release|Any CPU.ActiveCfg = Release|Any CPU
		{CC27D925-2045-4333-8A24-0524E766F4B6}.Release|Any CPU.Build.0 = Release|Any CPU
	EndGlobalSection
EndGlobal
